// !$*UTF8*$!
{
	archiveVersion = 1;
	classes = {
	};
	objectVersion = 77;
	objects = {

/* Begin PBXBuildFile section */
		40701A102F3E0FF9004AFD8F /* FilmFavoriteButton.swift in Sources */ = {isa = PBXBuildFile; fileRef = 40701A0F2F3E0FF9004AFD8F /* FilmFavoriteButton.swift */; };
		40AFAEA92F4D7291005D4405 /* SettingsViewModel.swift in Sources */ = {isa = PBXBuildFile; fileRef = 40AFAEA82F4D7291005D4405 /* SettingsViewModel.swift */; };
		40AFAEAC2F4D91F6005D4405 /* NotificationService.swift in Sources */ = {isa = PBXBuildFile; fileRef = 40AFAEAB2F4D91F6005D4405 /* NotificationService.swift */; };
		40AFAEB02F4D9A3C005D4405 /* NotificationService.swift in Sources */ = {isa = PBXBuildFile; fileRef = 40AFAEAB2F4D91F6005D4405 /* NotificationService.swift */; };
		40AFAEB22F4D9A79005D4405 /* SettingsStorageService.swift in Sources */ = {isa = PBXBuildFile; fileRef = 40AFAEB12F4D9A79005D4405 /* SettingsStorageService.swift */; };
		40AFAEB52F4DA1B5005D4405 /* Array+Safe.swift in Sources */ = {isa = PBXBuildFile; fileRef = 40AFAEB42F4DA1B5005D4405 /* Array+Safe.swift */; };
		40AFAEB92F4DA6AC005D4405 /* AppTheme.swift in Sources */ = {isa = PBXBuildFile; fileRef = 40AFAEB82F4DA6AC005D4405 /* AppTheme.swift */; };
		40CC6FA92F308F8400C0938D /* FilmListView.swift in Sources */ = {isa = PBXBuildFile; fileRef = 40CC6FA82F308F8400C0938D /* FilmListView.swift */; };
		40CC6FAC2F3099B000C0938D /* FilmsViewModel.swift in Sources */ = {isa = PBXBuildFile; fileRef = 40CC6FAB2F3099B000C0938D /* FilmsViewModel.swift */; };
		40CC6FBA2F30A69400C0938D /* Errors.swift in Sources */ = {isa = PBXBuildFile; fileRef = 40CC6FB92F30A69400C0938D /* Errors.swift */; };
		40CC6FBD2F30AC3D00C0938D /* ChibliService.swift in Sources */ = {isa = PBXBuildFile; fileRef = 40CC6FBC2F30AC3D00C0938D /* ChibliService.swift */; };
		40CC6FC02F30C3EC00C0938D /* SampleDataFilms.json in Resources */ = {isa = PBXBuildFile; fileRef = 40CEC0CE2F2F61D200344280 /* SampleDataFilms.json */; };
		40CC6FC22F30CABA00C0938D /* FilmDetailsViewModel.swift in Sources */ = {isa = PBXBuildFile; fileRef = 40CC6FC12F30CABA00C0938D /* FilmDetailsViewModel.swift */; };
		40CC6FC42F30CC3300C0938D /* FilmDetailsView.swift in Sources */ = {isa = PBXBuildFile; fileRef = 40CC6FC32F30CC3300C0938D /* FilmDetailsView.swift */; };
		40CC6FC62F30D3E900C0938D /* Film_1.json in Sources */ = {isa = PBXBuildFile; fileRef = 40CC6FC52F30D3E300C0938D /* Film_1.json */; };
		40CC6FC82F30D42500C0938D /* Film_2.json in Resources */ = {isa = PBXBuildFile; fileRef = 40CC6FC72F30D42000C0938D /* Film_2.json */; };
		40CC6FCA2F30EB4D00C0938D /* Person.json in Resources */ = {isa = PBXBuildFile; fileRef = 40CC6FC92F30EB4700C0938D /* Person.json */; };
		40CC6FCF2F30ED6200C0938D /* FilmsListRow.swift in Sources */ = {isa = PBXBuildFile; fileRef = 40CC6FCE2F30ED6200C0938D /* FilmsListRow.swift */; };
		40CDF3792F51867200F864B1 /* PeopleListView.swift in Sources */ = {isa = PBXBuildFile; fileRef = 40CDF3782F51867200F864B1 /* PeopleListView.swift */; };
		40CDF3822F518D4200F864B1 /* PersonList.json in Resources */ = {isa = PBXBuildFile; fileRef = 40CDF3812F518D4200F864B1 /* PersonList.json */; };
		40CE51982F333732004AB32D /* URL+ImageAssets.swift in Sources */ = {isa = PBXBuildFile; fileRef = 40CE51972F333732004AB32D /* URL+ImageAssets.swift */; };
		40CE519B2F333B03004AB32D /* SettingsScreenView.swift in Sources */ = {isa = PBXBuildFile; fileRef = 40CE519A2F333B03004AB32D /* SettingsScreenView.swift */; };
		40CE519E2F333B8D004AB32D /* FavoritesScreenView.swift in Sources */ = {isa = PBXBuildFile; fileRef = 40CE519D2F333B8D004AB32D /* FavoritesScreenView.swift */; };
		40CE51A02F333C11004AB32D /* SearchScreenView.swift in Sources */ = {isa = PBXBuildFile; fileRef = 40CE519F2F333C11004AB32D /* SearchScreenView.swift */; };
		40CE51A32F333CEB004AB32D /* FilmsScreenView.swift in Sources */ = {isa = PBXBuildFile; fileRef = 40CE51A22F333CEB004AB32D /* FilmsScreenView.swift */; };
		40CE51A62F33534F004AB32D /* FavoritesViewModel.swift in Sources */ = {isa = PBXBuildFile; fileRef = 40CE51A52F33534F004AB32D /* FavoritesViewModel.swift */; };
		40CE51A92F33555A004AB32D /* StorageService.swift in Sources */ = {isa = PBXBuildFile; fileRef = 40CE51A82F33555A004AB32D /* StorageService.swift */; };
		40CE51AB2F3357EF004AB32D /* FavoriteFilmsStorageService.swift in Sources */ = {isa = PBXBuildFile; fileRef = 40CE51AA2F3357EF004AB32D /* FavoriteFilmsStorageService.swift */; };
		40CEC0C92F2F54A100344280 /* Preview Assets.xcassets in Resources */ = {isa = PBXBuildFile; fileRef = 40CEC0C32F2F54A100344280 /* Preview Assets.xcassets */; };
		40CEC0CA2F2F54A100344280 /* Assets.xcassets in Resources */ = {isa = PBXBuildFile; fileRef = 40CEC0C52F2F54A100344280 /* Assets.xcassets */; };
		40CEC0CB2F2F54A100344280 /* ChibliAppApp.swift in Sources */ = {isa = PBXBuildFile; fileRef = 40CEC0C62F2F54A100344280 /* ChibliAppApp.swift */; };
		40CEC0CC2F2F54A100344280 /* ContentView.swift in Sources */ = {isa = PBXBuildFile; fileRef = 40CEC0C72F2F54A100344280 /* ContentView.swift */; };
		40CEC0D22F2F623600344280 /* Film.swift in Sources */ = {isa = PBXBuildFile; fileRef = 40CEC0D12F2F623600344280 /* Film.swift */; };
		40CEC0D42F2F624100344280 /* Person.swift in Sources */ = {isa = PBXBuildFile; fileRef = 40CEC0D32F2F624100344280 /* Person.swift */; };
		40DC8F9C2F31F3EC003C4952 /* FilmImageView.swift in Sources */ = {isa = PBXBuildFile; fileRef = 40DC8F9B2F31F3EC003C4952 /* FilmImageView.swift */; };
		40F9DA502F3F0D5B00DBD566 /* SearchScreenViewModel.swift in Sources */ = {isa = PBXBuildFile; fileRef = 40F9DA4F2F3F0D5B00DBD566 /* SearchScreenViewModel.swift */; };
		40F9DA522F3F0E1C00DBD566 /* LoadingState.swift in Sources */ = {isa = PBXBuildFile; fileRef = 40F9DA512F3F0E1C00DBD566 /* LoadingState.swift */; };
/* End PBXBuildFile section */

/* Begin PBXContainerItemProxy section */
		40CEC0A72F2F548000344280 /* PBXContainerItemProxy */ = {
			isa = PBXContainerItemProxy;
			containerPortal = 40CEC08E2F2F547D00344280 /* Project object */;
			proxyType = 1;
			remoteGlobalIDString = 40CEC0952F2F547D00344280;
			remoteInfo = ChibliApp;
		};
		40CEC0B12F2F548000344280 /* PBXContainerItemProxy */ = {
			isa = PBXContainerItemProxy;
			containerPortal = 40CEC08E2F2F547D00344280 /* Project object */;
			proxyType = 1;
			remoteGlobalIDString = 40CEC0952F2F547D00344280;
			remoteInfo = ChibliApp;
		};
/* End PBXContainerItemProxy section */

/* Begin PBXFileReference section */
		40701A0F2F3E0FF9004AFD8F /* FilmFavoriteButton.swift */ = {isa = PBXFileReference; lastKnownFileType = sourcecode.swift; path = FilmFavoriteButton.swift; sourceTree = "<group>"; };
		40AFAEA82F4D7291005D4405 /* SettingsViewModel.swift */ = {isa = PBXFileReference; lastKnownFileType = sourcecode.swift; path = SettingsViewModel.swift; sourceTree = "<group>"; };
		40AFAEAA2F4D8566005D4405 /* Info.plist */ = {isa = PBXFileReference; lastKnownFileType = text.plist; path = Info.plist; sourceTree = "<group>"; };
		40AFAEAB2F4D91F6005D4405 /* NotificationService.swift */ = {isa = PBXFileReference; lastKnownFileType = sourcecode.swift; path = NotificationService.swift; sourceTree = "<group>"; };
		40AFAEB12F4D9A79005D4405 /* SettingsStorageService.swift */ = {isa = PBXFileReference; lastKnownFileType = sourcecode.swift; path = SettingsStorageService.swift; sourceTree = "<group>"; };
		40AFAEB42F4DA1B5005D4405 /* Array+Safe.swift */ = {isa = PBXFileReference; lastKnownFileType = sourcecode.swift; path = "Array+Safe.swift"; sourceTree = "<group>"; };
		40AFAEB82F4DA6AC005D4405 /* AppTheme.swift */ = {isa = PBXFileReference; lastKnownFileType = sourcecode.swift; path = AppTheme.swift; sourceTree = "<group>"; };
		40CC6FA82F308F8400C0938D /* FilmListView.swift */ = {isa = PBXFileReference; lastKnownFileType = sourcecode.swift; path = FilmListView.swift; sourceTree = "<group>"; };
		40CC6FAB2F3099B000C0938D /* FilmsViewModel.swift */ = {isa = PBXFileReference; lastKnownFileType = sourcecode.swift; path = FilmsViewModel.swift; sourceTree = "<group>"; };
		40CC6FB92F30A69400C0938D /* Errors.swift */ = {isa = PBXFileReference; lastKnownFileType = sourcecode.swift; path = Errors.swift; sourceTree = "<group>"; };
		40CC6FBC2F30AC3D00C0938D /* ChibliService.swift */ = {isa = PBXFileReference; lastKnownFileType = sourcecode.swift; path = ChibliService.swift; sourceTree = "<group>"; };
		40CC6FC12F30CABA00C0938D /* FilmDetailsViewModel.swift */ = {isa = PBXFileReference; lastKnownFileType = sourcecode.swift; path = FilmDetailsViewModel.swift; sourceTree = "<group>"; };
		40CC6FC32F30CC3300C0938D /* FilmDetailsView.swift */ = {isa = PBXFileReference; lastKnownFileType = sourcecode.swift; path = FilmDetailsView.swift; sourceTree = "<group>"; };
		40CC6FC52F30D3E300C0938D /* Film_1.json */ = {isa = PBXFileReference; lastKnownFileType = text.json; path = Film_1.json; sourceTree = "<group>"; };
		40CC6FC72F30D42000C0938D /* Film_2.json */ = {isa = PBXFileReference; lastKnownFileType = text.json; path = Film_2.json; sourceTree = "<group>"; };
		40CC6FC92F30EB4700C0938D /* Person.json */ = {isa = PBXFileReference; lastKnownFileType = text.json; path = Person.json; sourceTree = "<group>"; };
		40CC6FCE2F30ED6200C0938D /* FilmsListRow.swift */ = {isa = PBXFileReference; lastKnownFileType = sourcecode.swift; path = FilmsListRow.swift; sourceTree = "<group>"; };
		40CDF3782F51867200F864B1 /* PeopleListView.swift */ = {isa = PBXFileReference; lastKnownFileType = sourcecode.swift; path = PeopleListView.swift; sourceTree = "<group>"; };
		40CDF3812F518D4200F864B1 /* PersonList.json */ = {isa = PBXFileReference; lastKnownFileType = text.json; path = PersonList.json; sourceTree = "<group>"; };
		40CE51972F333732004AB32D /* URL+ImageAssets.swift */ = {isa = PBXFileReference; lastKnownFileType = sourcecode.swift; path = "URL+ImageAssets.swift"; sourceTree = "<group>"; };
		40CE519A2F333B03004AB32D /* SettingsScreenView.swift */ = {isa = PBXFileReference; lastKnownFileType = sourcecode.swift; path = SettingsScreenView.swift; sourceTree = "<group>"; };
		40CE519D2F333B8D004AB32D /* FavoritesScreenView.swift */ = {isa = PBXFileReference; lastKnownFileType = sourcecode.swift; path = FavoritesScreenView.swift; sourceTree = "<group>"; };
		40CE519F2F333C11004AB32D /* SearchScreenView.swift */ = {isa = PBXFileReference; lastKnownFileType = sourcecode.swift; path = SearchScreenView.swift; sourceTree = "<group>"; };
		40CE51A22F333CEB004AB32D /* FilmsScreenView.swift */ = {isa = PBXFileReference; lastKnownFileType = sourcecode.swift; path = FilmsScreenView.swift; sourceTree = "<group>"; };
		40CE51A52F33534F004AB32D /* FavoritesViewModel.swift */ = {isa = PBXFileReference; lastKnownFileType = sourcecode.swift; path = FavoritesViewModel.swift; sourceTree = "<group>"; };
		40CE51A82F33555A004AB32D /* StorageService.swift */ = {isa = PBXFileReference; lastKnownFileType = sourcecode.swift; path = StorageService.swift; sourceTree = "<group>"; };
		40CE51AA2F3357EF004AB32D /* FavoriteFilmsStorageService.swift */ = {isa = PBXFileReference; lastKnownFileType = sourcecode.swift; path = FavoriteFilmsStorageService.swift; sourceTree = "<group>"; };
		40CEC0962F2F547D00344280 /* ChibliApp.app */ = {isa = PBXFileReference; explicitFileType = wrapper.application; includeInIndex = 0; path = ChibliApp.app; sourceTree = BUILT_PRODUCTS_DIR; };
		40CEC0A62F2F548000344280 /* ChibliAppTests.xctest */ = {isa = PBXFileReference; explicitFileType = wrapper.cfbundle; includeInIndex = 0; path = ChibliAppTests.xctest; sourceTree = BUILT_PRODUCTS_DIR; };
		40CEC0B02F2F548000344280 /* ChibliAppUITests.xctest */ = {isa = PBXFileReference; explicitFileType = wrapper.cfbundle; includeInIndex = 0; path = ChibliAppUITests.xctest; sourceTree = BUILT_PRODUCTS_DIR; };
		40CEC0C32F2F54A100344280 /* Preview Assets.xcassets */ = {isa = PBXFileReference; lastKnownFileType = folder.assetcatalog; path = "Preview Assets.xcassets"; sourceTree = "<group>"; };
		40CEC0C52F2F54A100344280 /* Assets.xcassets */ = {isa = PBXFileReference; lastKnownFileType = folder.assetcatalog; path = Assets.xcassets; sourceTree = "<group>"; };
		40CEC0C62F2F54A100344280 /* ChibliAppApp.swift */ = {isa = PBXFileReference; lastKnownFileType = sourcecode.swift; path = ChibliAppApp.swift; sourceTree = "<group>"; };
		40CEC0C72F2F54A100344280 /* ContentView.swift */ = {isa = PBXFileReference; lastKnownFileType = sourcecode.swift; path = ContentView.swift; sourceTree = "<group>"; };
		40CEC0CE2F2F61D200344280 /* SampleDataFilms.json */ = {isa = PBXFileReference; lastKnownFileType = text.json; path = SampleDataFilms.json; sourceTree = "<group>"; };
		40CEC0D12F2F623600344280 /* Film.swift */ = {isa = PBXFileReference; lastKnownFileType = sourcecode.swift; path = Film.swift; sourceTree = "<group>"; };
		40CEC0D32F2F624100344280 /* Person.swift */ = {isa = PBXFileReference; lastKnownFileType = sourcecode.swift; path = Person.swift; sourceTree = "<group>"; };
		40DC8F9B2F31F3EC003C4952 /* FilmImageView.swift */ = {isa = PBXFileReference; lastKnownFileType = sourcecode.swift; path = FilmImageView.swift; sourceTree = "<group>"; };
		40F9DA4F2F3F0D5B00DBD566 /* SearchScreenViewModel.swift */ = {isa = PBXFileReference; lastKnownFileType = sourcecode.swift; path = SearchScreenViewModel.swift; sourceTree = "<group>"; };
		40F9DA512F3F0E1C00DBD566 /* LoadingState.swift */ = {isa = PBXFileReference; lastKnownFileType = sourcecode.swift; path = LoadingState.swift; sourceTree = "<group>"; };
/* End PBXFileReference section */

/* Begin PBXFileSystemSynchronizedRootGroup section */
		40CEC0A92F2F548000344280 /* ChibliAppTests */ = {
			isa = PBXFileSystemSynchronizedRootGroup;
			path = ChibliAppTests;
			sourceTree = "<group>";
		};
		40CEC0B32F2F548000344280 /* ChibliAppUITests */ = {
			isa = PBXFileSystemSynchronizedRootGroup;
			path = ChibliAppUITests;
			sourceTree = "<group>";
		};
/* End PBXFileSystemSynchronizedRootGroup section */

/* Begin PBXFrameworksBuildPhase section */
		40CEC0932F2F547D00344280 /* Frameworks */ = {
			isa = PBXFrameworksBuildPhase;
			buildActionMask = 2147483647;
			files = (
			);
			runOnlyForDeploymentPostprocessing = 0;
		};
		40CEC0A32F2F548000344280 /* Frameworks */ = {
			isa = PBXFrameworksBuildPhase;
			buildActionMask = 2147483647;
			files = (
			);
			runOnlyForDeploymentPostprocessing = 0;
		};
		40CEC0AD2F2F548000344280 /* Frameworks */ = {
			isa = PBXFrameworksBuildPhase;
			buildActionMask = 2147483647;
			files = (
			);
			runOnlyForDeploymentPostprocessing = 0;
		};
/* End PBXFrameworksBuildPhase section */

/* Begin PBXGroup section */
		40AFAEAD2F4D920A005D4405 /* DataLayer */ = {
			isa = PBXGroup;
			children = (
				40AFAEB72F4DA699005D4405 /* Appearence */,
				40AFAEB32F4DA195005D4405 /* Extensions */,
				40AFAEAE2F4D92D9005D4405 /* Permissions */,
				40CEC0D02F2F621F00344280 /* Models */,
				40CE51A72F33554B004AB32D /* Storage */,
			);
			path = DataLayer;
			sourceTree = "<group>";
		};
		40AFAEAE2F4D92D9005D4405 /* Permissions */ = {
			isa = PBXGroup;
			children = (
				40AFAEAB2F4D91F6005D4405 /* NotificationService.swift */,
			);
			path = Permissions;
			sourceTree = "<group>";
		};
		40AFAEB32F4DA195005D4405 /* Extensions */ = {
			isa = PBXGroup;
			children = (
				40AFAEB42F4DA1B5005D4405 /* Array+Safe.swift */,
			);
			path = Extensions;
			sourceTree = "<group>";
		};
		40AFAEB72F4DA699005D4405 /* Appearence */ = {
			isa = PBXGroup;
			children = (
				40AFAEB82F4DA6AC005D4405 /* AppTheme.swift */,
			);
			path = Appearence;
			sourceTree = "<group>";
		};
		40CC6FA72F308F3500C0938D /* Views */ = {
			isa = PBXGroup;
			children = (
				40CE51A12F333CCD004AB32D /* Films */,
				40CE519C2F333B84004AB32D /* Favorites */,
				40CE51992F333AFC004AB32D /* Settings */,
				40CE51A42F333CF4004AB32D /* Search */,
			);
			path = Views;
			sourceTree = "<group>";
		};
		40CC6FAA2F3099A000C0938D /* NetworkLayer */ = {
			isa = PBXGroup;
			children = (
				40CC6FBB2F30AC3400C0938D /* Service */,
				40CC6FBE2F30AF7A00C0938D /* Helpers */,
			);
			path = NetworkLayer;
			sourceTree = "<group>";
		};
		40CC6FBB2F30AC3400C0938D /* Service */ = {
			isa = PBXGroup;
			children = (
				40CC6FBC2F30AC3D00C0938D /* ChibliService.swift */,
			);
			path = Service;
			sourceTree = "<group>";
		};
		40CC6FBE2F30AF7A00C0938D /* Helpers */ = {
			isa = PBXGroup;
			children = (
				40CC6FB92F30A69400C0938D /* Errors.swift */,
				40F9DA512F3F0E1C00DBD566 /* LoadingState.swift */,
			);
			path = Helpers;
			sourceTree = "<group>";
		};
		40CC6FCB2F30ED3E00C0938D /* FilmsList */ = {
			isa = PBXGroup;
			children = (
				40CC6FA82F308F8400C0938D /* FilmListView.swift */,
				40CC6FCD2F30ED4E00C0938D /* SubView */,
			);
			path = FilmsList;
			sourceTree = "<group>";
		};
		40CC6FCC2F30ED4600C0938D /* FilmsDetails */ = {
			isa = PBXGroup;
			children = (
				40CC6FC12F30CABA00C0938D /* FilmDetailsViewModel.swift */,
				40CC6FC32F30CC3300C0938D /* FilmDetailsView.swift */,
				40CDF3772F51866100F864B1 /* PeopleListView */,
				40DC8F9A2F31F3DF003C4952 /* SubView */,
			);
			path = FilmsDetails;
			sourceTree = "<group>";
		};
		40CC6FCD2F30ED4E00C0938D /* SubView */ = {
			isa = PBXGroup;
			children = (
				40CC6FCE2F30ED6200C0938D /* FilmsListRow.swift */,
			);
			path = SubView;
			sourceTree = "<group>";
		};
		40CDF3772F51866100F864B1 /* PeopleListView */ = {
			isa = PBXGroup;
			children = (
				40CDF3782F51867200F864B1 /* PeopleListView.swift */,
			);
			path = PeopleListView;
			sourceTree = "<group>";
		};
		40CE51992F333AFC004AB32D /* Settings */ = {
			isa = PBXGroup;
			children = (
				40AFAEA82F4D7291005D4405 /* SettingsViewModel.swift */,
				40CE519A2F333B03004AB32D /* SettingsScreenView.swift */,
			);
			path = Settings;
			sourceTree = "<group>";
		};
		40CE519C2F333B84004AB32D /* Favorites */ = {
			isa = PBXGroup;
			children = (
				40CE51A52F33534F004AB32D /* FavoritesViewModel.swift */,
				40CE519D2F333B8D004AB32D /* FavoritesScreenView.swift */,
			);
			path = Favorites;
			sourceTree = "<group>";
		};
		40CE51A12F333CCD004AB32D /* Films */ = {
			isa = PBXGroup;
			children = (
				40CC6FAB2F3099B000C0938D /* FilmsViewModel.swift */,
				40CE51A22F333CEB004AB32D /* FilmsScreenView.swift */,
				40CC6FCB2F30ED3E00C0938D /* FilmsList */,
				40CC6FCC2F30ED4600C0938D /* FilmsDetails */,
			);
			path = Films;
			sourceTree = "<group>";
		};
		40CE51A42F333CF4004AB32D /* Search */ = {
			isa = PBXGroup;
			children = (
				40F9DA4F2F3F0D5B00DBD566 /* SearchScreenViewModel.swift */,
				40CE519F2F333C11004AB32D /* SearchScreenView.swift */,
			);
			path = Search;
			sourceTree = "<group>";
		};
		40CE51A72F33554B004AB32D /* Storage */ = {
			isa = PBXGroup;
			children = (
				40CE51A82F33555A004AB32D /* StorageService.swift */,
				40AFAEB12F4D9A79005D4405 /* SettingsStorageService.swift */,
				40CE51AA2F3357EF004AB32D /* FavoriteFilmsStorageService.swift */,
			);
			path = Storage;
			sourceTree = "<group>";
		};
		40CEC08D2F2F547D00344280 = {
			isa = PBXGroup;
			children = (
				40CEC0C82F2F54A100344280 /* ChibliApp */,
				40CEC0A92F2F548000344280 /* ChibliAppTests */,
				40CEC0B32F2F548000344280 /* ChibliAppUITests */,
				40CEC0972F2F547D00344280 /* Products */,
			);
			sourceTree = "<group>";
		};
		40CEC0972F2F547D00344280 /* Products */ = {
			isa = PBXGroup;
			children = (
				40CEC0962F2F547D00344280 /* ChibliApp.app */,
				40CEC0A62F2F548000344280 /* ChibliAppTests.xctest */,
				40CEC0B02F2F548000344280 /* ChibliAppUITests.xctest */,
			);
			name = Products;
			sourceTree = "<group>";
		};
		40CEC0C42F2F54A100344280 /* Preview Content */ = {
			isa = PBXGroup;
			children = (
				40CEC0CE2F2F61D200344280 /* SampleDataFilms.json */,
				40CDF3812F518D4200F864B1 /* PersonList.json */,
				40CC6FC52F30D3E300C0938D /* Film_1.json */,
				40CC6FC72F30D42000C0938D /* Film_2.json */,
				40CC6FC92F30EB4700C0938D /* Person.json */,
				40CEC0C32F2F54A100344280 /* Preview Assets.xcassets */,
				40CE51972F333732004AB32D /* URL+ImageAssets.swift */,
			);
			path = "Preview Content";
			sourceTree = "<group>";
		};
		40CEC0C82F2F54A100344280 /* ChibliApp */ = {
			isa = PBXGroup;
			children = (
				40AFAEAA2F4D8566005D4405 /* Info.plist */,
				40CEC0C62F2F54A100344280 /* ChibliAppApp.swift */,
				40CEC0C72F2F54A100344280 /* ContentView.swift */,
				40AFAEAD2F4D920A005D4405 /* DataLayer */,
				40CC6FAA2F3099A000C0938D /* NetworkLayer */,
				40CC6FA72F308F3500C0938D /* Views */,
				40CEC0CD2F2F616D00344280 /* Resources */,
				40CEC0C42F2F54A100344280 /* Preview Content */,
			);
			path = ChibliApp;
			sourceTree = "<group>";
		};
		40CEC0CD2F2F616D00344280 /* Resources */ = {
			isa = PBXGroup;
			children = (
				40CEC0C52F2F54A100344280 /* Assets.xcassets */,
			);
			path = Resources;
			sourceTree = "<group>";
		};
		40CEC0D02F2F621F00344280 /* Models */ = {
			isa = PBXGroup;
			children = (
				40CEC0D12F2F623600344280 /* Film.swift */,
				40CEC0D32F2F624100344280 /* Person.swift */,
			);
			path = Models;
			sourceTree = "<group>";
		};
		40DC8F9A2F31F3DF003C4952 /* SubView */ = {
			isa = PBXGroup;
			children = (
				40DC8F9B2F31F3EC003C4952 /* FilmImageView.swift */,
				40701A0F2F3E0FF9004AFD8F /* FilmFavoriteButton.swift */,
			);
			path = SubView;
			sourceTree = "<group>";
		};
/* End PBXGroup section */

/* Begin PBXNativeTarget section */
		40CEC0952F2F547D00344280 /* ChibliApp */ = {
			isa = PBXNativeTarget;
			buildConfigurationList = 40CEC0BA2F2F548000344280 /* Build configuration list for PBXNativeTarget "ChibliApp" */;
			buildPhases = (
				40CEC0922F2F547D00344280 /* Sources */,
				40CEC0932F2F547D00344280 /* Frameworks */,
				40CEC0942F2F547D00344280 /* Resources */,
			);
			buildRules = (
			);
			dependencies = (
			);
			name = ChibliApp;
			packageProductDependencies = (
			);
			productName = ChibliApp;
			productReference = 40CEC0962F2F547D00344280 /* ChibliApp.app */;
			productType = "com.apple.product-type.application";
		};
		40CEC0A52F2F548000344280 /* ChibliAppTests */ = {
			isa = PBXNativeTarget;
			buildConfigurationList = 40CEC0BD2F2F548000344280 /* Build configuration list for PBXNativeTarget "ChibliAppTests" */;
			buildPhases = (
				40CEC0A22F2F548000344280 /* Sources */,
				40CEC0A32F2F548000344280 /* Frameworks */,
				40CEC0A42F2F548000344280 /* Resources */,
			);
			buildRules = (
			);
			dependencies = (
				40CEC0A82F2F548000344280 /* PBXTargetDependency */,
			);
			fileSystemSynchronizedGroups = (
				40CEC0A92F2F548000344280 /* ChibliAppTests */,
			);
			name = ChibliAppTests;
			packageProductDependencies = (
			);
			productName = ChibliAppTests;
			productReference = 40CEC0A62F2F548000344280 /* ChibliAppTests.xctest */;
			productType = "com.apple.product-type.bundle.unit-test";
		};
		40CEC0AF2F2F548000344280 /* ChibliAppUITests */ = {
			isa = PBXNativeTarget;
			buildConfigurationList = 40CEC0C02F2F548000344280 /* Build configuration list for PBXNativeTarget "ChibliAppUITests" */;
			buildPhases = (
				40CEC0AC2F2F548000344280 /* Sources */,
				40CEC0AD2F2F548000344280 /* Frameworks */,
				40CEC0AE2F2F548000344280 /* Resources */,
			);
			buildRules = (
			);
			dependencies = (
				40CEC0B22F2F548000344280 /* PBXTargetDependency */,
			);
			fileSystemSynchronizedGroups = (
				40CEC0B32F2F548000344280 /* ChibliAppUITests */,
			);
			name = ChibliAppUITests;
			packageProductDependencies = (
			);
			productName = ChibliAppUITests;
			productReference = 40CEC0B02F2F548000344280 /* ChibliAppUITests.xctest */;
			productType = "com.apple.product-type.bundle.ui-testing";
		};
/* End PBXNativeTarget section */

/* Begin PBXProject section */
		40CEC08E2F2F547D00344280 /* Project object */ = {
			isa = PBXProject;
			attributes = {
				BuildIndependentTargetsInParallel = 1;
				LastSwiftUpdateCheck = 1620;
				LastUpgradeCheck = 1620;
				TargetAttributes = {
					40CEC0952F2F547D00344280 = {
						CreatedOnToolsVersion = 16.2;
					};
					40CEC0A52F2F548000344280 = {
						CreatedOnToolsVersion = 16.2;
						TestTargetID = 40CEC0952F2F547D00344280;
					};
					40CEC0AF2F2F548000344280 = {
						CreatedOnToolsVersion = 16.2;
						TestTargetID = 40CEC0952F2F547D00344280;
					};
				};
			};
			buildConfigurationList = 40CEC0912F2F547D00344280 /* Build configuration list for PBXProject "ChibliApp" */;
			developmentRegion = en;
			hasScannedForEncodings = 0;
			knownRegions = (
				en,
				Base,
			);
			mainGroup = 40CEC08D2F2F547D00344280;
			minimizedProjectReferenceProxies = 1;
			preferredProjectObjectVersion = 77;
			productRefGroup = 40CEC0972F2F547D00344280 /* Products */;
			projectDirPath = "";
			projectRoot = "";
			targets = (
				40CEC0952F2F547D00344280 /* ChibliApp */,
				40CEC0A52F2F548000344280 /* ChibliAppTests */,
				40CEC0AF2F2F548000344280 /* ChibliAppUITests */,
			);
		};
/* End PBXProject section */

/* Begin PBXResourcesBuildPhase section */
		40CEC0942F2F547D00344280 /* Resources */ = {
			isa = PBXResourcesBuildPhase;
			buildActionMask = 2147483647;
			files = (
				40CC6FC82F30D42500C0938D /* Film_2.json in Resources */,
				40CEC0C92F2F54A100344280 /* Preview Assets.xcassets in Resources */,
				40CC6FC02F30C3EC00C0938D /* SampleDataFilms.json in Resources */,
				40CDF3822F518D4200F864B1 /* PersonList.json in Resources */,
				40CC6FCA2F30EB4D00C0938D /* Person.json in Resources */,
				40CEC0CA2F2F54A100344280 /* Assets.xcassets in Resources */,
			);
			runOnlyForDeploymentPostprocessing = 0;
		};
		40CEC0A42F2F548000344280 /* Resources */ = {
			isa = PBXResourcesBuildPhase;
			buildActionMask = 2147483647;
			files = (
			);
			runOnlyForDeploymentPostprocessing = 0;
		};
		40CEC0AE2F2F548000344280 /* Resources */ = {
			isa = PBXResourcesBuildPhase;
			buildActionMask = 2147483647;
			files = (
			);
			runOnlyForDeploymentPostprocessing = 0;
		};
/* End PBXResourcesBuildPhase section */

/* Begin PBXSourcesBuildPhase section */
		40CEC0922F2F547D00344280 /* Sources */ = {
			isa = PBXSourcesBuildPhase;
			buildActionMask = 2147483647;
			files = (
				40CE519B2F333B03004AB32D /* SettingsScreenView.swift in Sources */,
				40CC6FA92F308F8400C0938D /* FilmListView.swift in Sources */,
				40AFAEB02F4D9A3C005D4405 /* NotificationService.swift in Sources */,
				40CE519E2F333B8D004AB32D /* FavoritesScreenView.swift in Sources */,
				40AFAEB92F4DA6AC005D4405 /* AppTheme.swift in Sources */,
				40701A102F3E0FF9004AFD8F /* FilmFavoriteButton.swift in Sources */,
				40CC6FC42F30CC3300C0938D /* FilmDetailsView.swift in Sources */,
				40CDF3792F51867200F864B1 /* PeopleListView.swift in Sources */,
				40CE51A02F333C11004AB32D /* SearchScreenView.swift in Sources */,
				40CC6FBD2F30AC3D00C0938D /* ChibliService.swift in Sources */,
				40CEC0D42F2F624100344280 /* Person.swift in Sources */,
				40CEC0CB2F2F54A100344280 /* ChibliAppApp.swift in Sources */,
				40CEC0D22F2F623600344280 /* Film.swift in Sources */,
				40AFAEA92F4D7291005D4405 /* SettingsViewModel.swift in Sources */,
				40AFAEB22F4D9A79005D4405 /* SettingsStorageService.swift in Sources */,
				40CE51982F333732004AB32D /* URL+ImageAssets.swift in Sources */,
				40CC6FC62F30D3E900C0938D /* Film_1.json in Sources */,
				40F9DA522F3F0E1C00DBD566 /* LoadingState.swift in Sources */,
				40F9DA502F3F0D5B00DBD566 /* SearchScreenViewModel.swift in Sources */,
				40CC6FBA2F30A69400C0938D /* Errors.swift in Sources */,
				40CE51A92F33555A004AB32D /* StorageService.swift in Sources */,
				40DC8F9C2F31F3EC003C4952 /* FilmImageView.swift in Sources */,
				40CC6FCF2F30ED6200C0938D /* FilmsListRow.swift in Sources */,
				40CE51AB2F3357EF004AB32D /* FavoriteFilmsStorageService.swift in Sources */,
				40CE51A32F333CEB004AB32D /* FilmsScreenView.swift in Sources */,
				40CC6FC22F30CABA00C0938D /* FilmDetailsViewModel.swift in Sources */,
				40AFAEB52F4DA1B5005D4405 /* Array+Safe.swift in Sources */,
				40CC6FAC2F3099B000C0938D /* FilmsViewModel.swift in Sources */,
				40CEC0CC2F2F54A100344280 /* ContentView.swift in Sources */,
				40CE51A62F33534F004AB32D /* FavoritesViewModel.swift in Sources */,
			);
			runOnlyForDeploymentPostprocessing = 0;
		};
		40CEC0A22F2F548000344280 /* Sources */ = {
			isa = PBXSourcesBuildPhase;
			buildActionMask = 2147483647;
			files = (
				40AFAEAC2F4D91F6005D4405 /* NotificationService.swift in Sources */,
			);
			runOnlyForDeploymentPostprocessing = 0;
		};
		40CEC0AC2F2F548000344280 /* Sources */ = {
			isa = PBXSourcesBuildPhase;
			buildActionMask = 2147483647;
			files = (
			);
			runOnlyForDeploymentPostprocessing = 0;
		};
/* End PBXSourcesBuildPhase section */

/* Begin PBXTargetDependency section */
		40CEC0A82F2F548000344280 /* PBXTargetDependency */ = {
			isa = PBXTargetDependency;
			target = 40CEC0952F2F547D00344280 /* ChibliApp */;
			targetProxy = 40CEC0A72F2F548000344280 /* PBXContainerItemProxy */;
		};
		40CEC0B22F2F548000344280 /* PBXTargetDependency */ = {
			isa = PBXTargetDependency;
			target = 40CEC0952F2F547D00344280 /* ChibliApp */;
			targetProxy = 40CEC0B12F2F548000344280 /* PBXContainerItemProxy */;
		};
/* End PBXTargetDependency section */

/* Begin XCBuildConfiguration section */
		40CEC0B82F2F548000344280 /* Debug */ = {
			isa = XCBuildConfiguration;
			buildSettings = {
				ALWAYS_SEARCH_USER_PATHS = NO;
				ASSETCATALOG_COMPILER_GENERATE_SWIFT_ASSET_SYMBOL_EXTENSIONS = YES;
				CLANG_ANALYZER_NONNULL = YES;
				CLANG_ANALYZER_NUMBER_OBJECT_CONVERSION = YES_AGGRESSIVE;
				CLANG_CXX_LANGUAGE_STANDARD = "gnu++20";
				CLANG_ENABLE_MODULES = YES;
				CLANG_ENABLE_OBJC_ARC = YES;
				CLANG_ENABLE_OBJC_WEAK = YES;
				CLANG_WARN_BLOCK_CAPTURE_AUTORELEASING = YES;
				CLANG_WARN_BOOL_CONVERSION = YES;
				CLANG_WARN_COMMA = YES;
				CLANG_WARN_CONSTANT_CONVERSION = YES;
				CLANG_WARN_DEPRECATED_OBJC_IMPLEMENTATIONS = YES;
				CLANG_WARN_DIRECT_OBJC_ISA_USAGE = YES_ERROR;
				CLANG_WARN_DOCUMENTATION_COMMENTS = YES;
				CLANG_WARN_EMPTY_BODY = YES;
				CLANG_WARN_ENUM_CONVERSION = YES;
				CLANG_WARN_INFINITE_RECURSION = YES;
				CLANG_WARN_INT_CONVERSION = YES;
				CLANG_WARN_NON_LITERAL_NULL_CONVERSION = YES;
				CLANG_WARN_OBJC_IMPLICIT_RETAIN_SELF = YES;
				CLANG_WARN_OBJC_LITERAL_CONVERSION = YES;
				CLANG_WARN_OBJC_ROOT_CLASS = YES_ERROR;
				CLANG_WARN_QUOTED_INCLUDE_IN_FRAMEWORK_HEADER = YES;
				CLANG_WARN_RANGE_LOOP_ANALYSIS = YES;
				CLANG_WARN_STRICT_PROTOTYPES = YES;
				CLANG_WARN_SUSPICIOUS_MOVE = YES;
				CLANG_WARN_UNGUARDED_AVAILABILITY = YES_AGGRESSIVE;
				CLANG_WARN_UNREACHABLE_CODE = YES;
				CLANG_WARN__DUPLICATE_METHOD_MATCH = YES;
				COPY_PHASE_STRIP = NO;
				DEBUG_INFORMATION_FORMAT = dwarf;
				ENABLE_STRICT_OBJC_MSGSEND = YES;
				ENABLE_TESTABILITY = YES;
				ENABLE_USER_SCRIPT_SANDBOXING = YES;
				GCC_C_LANGUAGE_STANDARD = gnu17;
				GCC_DYNAMIC_NO_PIC = NO;
				GCC_NO_COMMON_BLOCKS = YES;
				GCC_OPTIMIZATION_LEVEL = 0;
				GCC_PREPROCESSOR_DEFINITIONS = (
					"DEBUG=1",
					"$(inherited)",
				);
				GCC_WARN_64_TO_32_BIT_CONVERSION = YES;
				GCC_WARN_ABOUT_RETURN_TYPE = YES_ERROR;
				GCC_WARN_UNDECLARED_SELECTOR = YES;
				GCC_WARN_UNINITIALIZED_AUTOS = YES_AGGRESSIVE;
				GCC_WARN_UNUSED_FUNCTION = YES;
				GCC_WARN_UNUSED_VARIABLE = YES;
				IPHONEOS_DEPLOYMENT_TARGET = 18.2;
				LOCALIZATION_PREFERS_STRING_CATALOGS = YES;
				MTL_ENABLE_DEBUG_INFO = INCLUDE_SOURCE;
				MTL_FAST_MATH = YES;
				ONLY_ACTIVE_ARCH = YES;
				SDKROOT = iphoneos;
				SWIFT_ACTIVE_COMPILATION_CONDITIONS = "DEBUG $(inherited)";
				SWIFT_OPTIMIZATION_LEVEL = "-Onone";
			};
			name = Debug;
		};
		40CEC0B92F2F548000344280 /* Release */ = {
			isa = XCBuildConfiguration;
			buildSettings = {
				ALWAYS_SEARCH_USER_PATHS = NO;
				ASSETCATALOG_COMPILER_GENERATE_SWIFT_ASSET_SYMBOL_EXTENSIONS = YES;
				CLANG_ANALYZER_NONNULL = YES;
				CLANG_ANALYZER_NUMBER_OBJECT_CONVERSION = YES_AGGRESSIVE;
				CLANG_CXX_LANGUAGE_STANDARD = "gnu++20";
				CLANG_ENABLE_MODULES = YES;
				CLANG_ENABLE_OBJC_ARC = YES;
				CLANG_ENABLE_OBJC_WEAK = YES;
				CLANG_WARN_BLOCK_CAPTURE_AUTORELEASING = YES;
				CLANG_WARN_BOOL_CONVERSION = YES;
				CLANG_WARN_COMMA = YES;
				CLANG_WARN_CONSTANT_CONVERSION = YES;
				CLANG_WARN_DEPRECATED_OBJC_IMPLEMENTATIONS = YES;
				CLANG_WARN_DIRECT_OBJC_ISA_USAGE = YES_ERROR;
				CLANG_WARN_DOCUMENTATION_COMMENTS = YES;
				CLANG_WARN_EMPTY_BODY = YES;
				CLANG_WARN_ENUM_CONVERSION = YES;
				CLANG_WARN_INFINITE_RECURSION = YES;
				CLANG_WARN_INT_CONVERSION = YES;
				CLANG_WARN_NON_LITERAL_NULL_CONVERSION = YES;
				CLANG_WARN_OBJC_IMPLICIT_RETAIN_SELF = YES;
				CLANG_WARN_OBJC_LITERAL_CONVERSION = YES;
				CLANG_WARN_OBJC_ROOT_CLASS = YES_ERROR;
				CLANG_WARN_QUOTED_INCLUDE_IN_FRAMEWORK_HEADER = YES;
				CLANG_WARN_RANGE_LOOP_ANALYSIS = YES;
				CLANG_WARN_STRICT_PROTOTYPES = YES;
				CLANG_WARN_SUSPICIOUS_MOVE = YES;
				CLANG_WARN_UNGUARDED_AVAILABILITY = YES_AGGRESSIVE;
				CLANG_WARN_UNREACHABLE_CODE = YES;
				CLANG_WARN__DUPLICATE_METHOD_MATCH = YES;
				COPY_PHASE_STRIP = NO;
				DEBUG_INFORMATION_FORMAT = "dwarf-with-dsym";
				ENABLE_NS_ASSERTIONS = NO;
				ENABLE_STRICT_OBJC_MSGSEND = YES;
				ENABLE_USER_SCRIPT_SANDBOXING = YES;
				GCC_C_LANGUAGE_STANDARD = gnu17;
				GCC_NO_COMMON_BLOCKS = YES;
				GCC_WARN_64_TO_32_BIT_CONVERSION = YES;
				GCC_WARN_ABOUT_RETURN_TYPE = YES_ERROR;
				GCC_WARN_UNDECLARED_SELECTOR = YES;
				GCC_WARN_UNINITIALIZED_AUTOS = YES_AGGRESSIVE;
				GCC_WARN_UNUSED_FUNCTION = YES;
				GCC_WARN_UNUSED_VARIABLE = YES;
				IPHONEOS_DEPLOYMENT_TARGET = 18.2;
				LOCALIZATION_PREFERS_STRING_CATALOGS = YES;
				MTL_ENABLE_DEBUG_INFO = NO;
				MTL_FAST_MATH = YES;
				SDKROOT = iphoneos;
				SWIFT_COMPILATION_MODE = wholemodule;
				VALIDATE_PRODUCT = YES;
			};
			name = Release;
		};
		40CEC0BB2F2F548000344280 /* Debug */ = {
			isa = XCBuildConfiguration;
			buildSettings = {
				ASSETCATALOG_COMPILER_APPICON_NAME = AppIcon;
				ASSETCATALOG_COMPILER_GLOBAL_ACCENT_COLOR_NAME = AccentColor;
				CODE_SIGN_STYLE = Automatic;
				CURRENT_PROJECT_VERSION = 1;
				DEVELOPMENT_ASSET_PATHS = "\"ChibliApp/Preview Content\"";
				DEVELOPMENT_TEAM = JHWXUS7SF5;
				ENABLE_PREVIEWS = YES;
				GENERATE_INFOPLIST_FILE = YES;
				INFOPLIST_FILE = ChibliApp/Info.plist;
				INFOPLIST_KEY_UIApplicationSceneManifest_Generation = YES;
				INFOPLIST_KEY_UIApplicationSupportsIndirectInputEvents = YES;
				INFOPLIST_KEY_UILaunchScreen_Generation = YES;
				INFOPLIST_KEY_UISupportedInterfaceOrientations_iPad = "UIInterfaceOrientationPortrait UIInterfaceOrientationPortraitUpsideDown UIInterfaceOrientationLandscapeLeft UIInterfaceOrientationLandscapeRight";
				INFOPLIST_KEY_UISupportedInterfaceOrientations_iPhone = "UIInterfaceOrientationPortrait UIInterfaceOrientationLandscapeLeft UIInterfaceOrientationLandscapeRight";
				LD_RUNPATH_SEARCH_PATHS = (
					"$(inherited)",
					"@executable_path/Frameworks",
				);
				MARKETING_VERSION = 1.0;
				PRODUCT_BUNDLE_IDENTIFIER = hellensoloviy.ChibliApp;
				PRODUCT_NAME = "$(TARGET_NAME)";
				SUPPORTED_PLATFORMS = "iphoneos iphonesimulator";
				SUPPORTS_MACCATALYST = NO;
				SUPPORTS_XR_DESIGNED_FOR_IPHONE_IPAD = NO;
				SWIFT_APPROACHABLE_CONCURRENCY = YES;
				SWIFT_DEFAULT_ACTOR_ISOLATION = MainActor;
				SWIFT_EMIT_LOC_STRINGS = YES;
				SWIFT_STRICT_CONCURRENCY = targeted;
				SWIFT_UPCOMING_FEATURE_GLOBAL_CONCURRENCY = "$(SWIFT_UPCOMING_FEATURE_6_0)";
				SWIFT_UPCOMING_FEATURE_REGION_BASED_ISOLATION = "$(SWIFT_UPCOMING_FEATURE_6_0)";
				SWIFT_VERSION = 6.0;
				TARGETED_DEVICE_FAMILY = "1,2";
			};
			name = Debug;
		};
		40CEC0BC2F2F548000344280 /* Release */ = {
			isa = XCBuildConfiguration;
			buildSettings = {
				ASSETCATALOG_COMPILER_APPICON_NAME = AppIcon;
				ASSETCATALOG_COMPILER_GLOBAL_ACCENT_COLOR_NAME = AccentColor;
				CODE_SIGN_STYLE = Automatic;
				CURRENT_PROJECT_VERSION = 1;
				DEVELOPMENT_ASSET_PATHS = "\"ChibliApp/Preview Content\"";
				DEVELOPMENT_TEAM = JHWXUS7SF5;
				ENABLE_PREVIEWS = YES;
				GENERATE_INFOPLIST_FILE = YES;
				INFOPLIST_FILE = ChibliApp/Info.plist;
				INFOPLIST_KEY_UIApplicationSceneManifest_Generation = YES;
				INFOPLIST_KEY_UIApplicationSupportsIndirectInputEvents = YES;
				INFOPLIST_KEY_UILaunchScreen_Generation = YES;
				INFOPLIST_KEY_UISupportedInterfaceOrientations_iPad = "UIInterfaceOrientationPortrait UIInterfaceOrientationPortraitUpsideDown UIInterfaceOrientationLandscapeLeft UIInterfaceOrientationLandscapeRight";
				INFOPLIST_KEY_UISupportedInterfaceOrientations_iPhone = "UIInterfaceOrientationPortrait UIInterfaceOrientationLandscapeLeft UIInterfaceOrientationLandscapeRight";
				LD_RUNPATH_SEARCH_PATHS = (
					"$(inherited)",
					"@executable_path/Frameworks",
				);
				MARKETING_VERSION = 1.0;
				PRODUCT_BUNDLE_IDENTIFIER = hellensoloviy.ChibliApp;
				PRODUCT_NAME = "$(TARGET_NAME)";
				SUPPORTED_PLATFORMS = "iphoneos iphonesimulator";
				SUPPORTS_MACCATALYST = NO;
				SUPPORTS_XR_DESIGNED_FOR_IPHONE_IPAD = NO;
				SWIFT_APPROACHABLE_CONCURRENCY = YES;
				SWIFT_DEFAULT_ACTOR_ISOLATION = MainActor;
				SWIFT_EMIT_LOC_STRINGS = YES;
				SWIFT_STRICT_CONCURRENCY = targeted;
				SWIFT_UPCOMING_FEATURE_GLOBAL_CONCURRENCY = "$(SWIFT_UPCOMING_FEATURE_6_0)";
				SWIFT_UPCOMING_FEATURE_REGION_BASED_ISOLATION = "$(SWIFT_UPCOMING_FEATURE_6_0)";
				SWIFT_VERSION = 6.0;
				TARGETED_DEVICE_FAMILY = "1,2";
			};
			name = Release;
		};
		40CEC0BE2F2F548000344280 /* Debug */ = {
			isa = XCBuildConfiguration;
			buildSettings = {
				BUNDLE_LOADER = "$(TEST_HOST)";
				CODE_SIGN_STYLE = Automatic;
				CURRENT_PROJECT_VERSION = 1;
				GENERATE_INFOPLIST_FILE = YES;
				IPHONEOS_DEPLOYMENT_TARGET = 18.2;
				MARKETING_VERSION = 1.0;
				PRODUCT_BUNDLE_IDENTIFIER = hellensoloviy.ChibliAppTests;
				PRODUCT_NAME = "$(TARGET_NAME)";
				SWIFT_EMIT_LOC_STRINGS = NO;
				SWIFT_VERSION = 5.0;
				TARGETED_DEVICE_FAMILY = "1,2";
				TEST_HOST = "$(BUILT_PRODUCTS_DIR)/ChibliApp.app/$(BUNDLE_EXECUTABLE_FOLDER_PATH)/ChibliApp";
			};
			name = Debug;
		};
		40CEC0BF2F2F548000344280 /* Release */ = {
			isa = XCBuildConfiguration;
			buildSettings = {
				BUNDLE_LOADER = "$(TEST_HOST)";
				CODE_SIGN_STYLE = Automatic;
				CURRENT_PROJECT_VERSION = 1;
				GENERATE_INFOPLIST_FILE = YES;
				IPHONEOS_DEPLOYMENT_TARGET = 18.2;
				MARKETING_VERSION = 1.0;
				PRODUCT_BUNDLE_IDENTIFIER = hellensoloviy.ChibliAppTests;
				PRODUCT_NAME = "$(TARGET_NAME)";
				SWIFT_EMIT_LOC_STRINGS = NO;
				SWIFT_VERSION = 5.0;
				TARGETED_DEVICE_FAMILY = "1,2";
				TEST_HOST = "$(BUILT_PRODUCTS_DIR)/ChibliApp.app/$(BUNDLE_EXECUTABLE_FOLDER_PATH)/ChibliApp";
			};
			name = Release;
		};
		40CEC0C12F2F548000344280 /* Debug */ = {
			isa = XCBuildConfiguration;
			buildSettings = {
				CODE_SIGN_STYLE = Automatic;
				CURRENT_PROJECT_VERSION = 1;
				GENERATE_INFOPLIST_FILE = YES;
				MARKETING_VERSION = 1.0;
				PRODUCT_BUNDLE_IDENTIFIER = hellensoloviy.ChibliAppUITests;
				PRODUCT_NAME = "$(TARGET_NAME)";
				SWIFT_EMIT_LOC_STRINGS = NO;
				SWIFT_VERSION = 5.0;
				TARGETED_DEVICE_FAMILY = "1,2";
				TEST_TARGET_NAME = ChibliApp;
			};
			name = Debug;
		};
		40CEC0C22F2F548000344280 /* Release */ = {
			isa = XCBuildConfiguration;
			buildSettings = {
				CODE_SIGN_STYLE = Automatic;
				CURRENT_PROJECT_VERSION = 1;
				GENERATE_INFOPLIST_FILE = YES;
				MARKETING_VERSION = 1.0;
				PRODUCT_BUNDLE_IDENTIFIER = hellensoloviy.ChibliAppUITests;
				PRODUCT_NAME = "$(TARGET_NAME)";
				SWIFT_EMIT_LOC_STRINGS = NO;
				SWIFT_VERSION = 5.0;
				TARGETED_DEVICE_FAMILY = "1,2";
				TEST_TARGET_NAME = ChibliApp;
			};
			name = Release;
		};
/* End XCBuildConfiguration section */

/* Begin XCConfigurationList section */
		40CEC0912F2F547D00344280 /* Build configuration list for PBXProject "ChibliApp" */ = {
			isa = XCConfigurationList;
			buildConfigurations = (
				40CEC0B82F2F548000344280 /* Debug */,
				40CEC0B92F2F548000344280 /* Release */,
			);
			defaultConfigurationIsVisible = 0;
			defaultConfigurationName = Release;
		};
		40CEC0BA2F2F548000344280 /* Build configuration list for PBXNativeTarget "ChibliApp" */ = {
			isa = XCConfigurationList;
			buildConfigurations = (
				40CEC0BB2F2F548000344280 /* Debug */,
				40CEC0BC2F2F548000344280 /* Release */,
			);
			defaultConfigurationIsVisible = 0;
			defaultConfigurationName = Release;
		};
		40CEC0BD2F2F548000344280 /* Build configuration list for PBXNativeTarget "ChibliAppTests" */ = {
			isa = XCConfigurationList;
			buildConfigurations = (
				40CEC0BE2F2F548000344280 /* Debug */,
				40CEC0BF2F2F548000344280 /* Release */,
			);
			defaultConfigurationIsVisible = 0;
			defaultConfigurationName = Release;
		};
		40CEC0C02F2F548000344280 /* Build configuration list for PBXNativeTarget "ChibliAppUITests" */ = {
			isa = XCConfigurationList;
			buildConfigurations = (
				40CEC0C12F2F548000344280 /* Debug */,
				40CEC0C22F2F548000344280 /* Release */,
			);
			defaultConfigurationIsVisible = 0;
			defaultConfigurationName = Release;
		};
/* End XCConfigurationList section */
	};
	rootObject = 40CEC08E2F2F547D00344280 /* Project object */;
}
